GEM
  remote: https://rubygems.org/
  specs:
    bcrypt (3.1.16)
    bson (4.12.0)
    eventmachine (1.2.7)
    mustermann (1.1.1)
      ruby2_keywords (~> 0.0.1)
    mysql2 (0.5.3)
    nokogiri (1.11.1-x86_64-linux)
      racc (~> 1.4)
    pg (1.2.3)
    racc (1.5.2)
    rack (2.2.3)
    rack-protection (2.1.0)
      rack
    ruby2_keywords (0.0.4)
    sinatra (2.1.0)
      mustermann (~> 1.0)
      rack (~> 2.2)
      rack-protection (= 2.1.0)
      tilt (~> 2.0)
    tilt (2.0.10)
    webrick (1.7.0)

PLATFORMS
  ruby

DEPENDENCIES
  bcrypt
  bson
  eventmachine
  mysql2
  nokogiri
  pg
  sinatra
  webrick

BUNDLED WITH
   2.2.11
